%{"b64url": {:git, "https://github.com/apache/couchdb-b64url.git", "6895652d80f95cdf04efb14625abed868998f174", [ref: "6895652d80f95cdf04efb14625abed868998f174"]},
  "bear": {:git, "https://github.com/apache/couchdb-bear.git", "008f48aff819126e281d5ccae80a258bf9bf9c30", [ref: "008f48aff819126e281d5ccae80a258bf9bf9c30"]},
  "chttpd": {:git, "https://git-wip-us.apache.org/repos/asf/couchdb-chttpd.git", "297493f29978d6effd9ae865b5822f54261c6955", [ref: "297493f29978d6effd9ae865b5822f54261c6955"]},
  "config": {:git, "https://github.com/apache/couchdb-config.git", "f62d553b337ce975edb0fb68772d22bdd3bf6490", [ref: "f62d553b337ce975edb0fb68772d22bdd3bf6490"]},
  "couch": {:git, "https://git-wip-us.apache.org/repos/asf/couchdb-couch.git", "a468b0db6f1a9795b32e26c34b340df4d51f31b0", [ref: "a468b0db6f1a9795b32e26c34b340df4d51f31b0"]},
  "couch_epi": {:git, "https://git-wip-us.apache.org/repos/asf/couchdb-couch-epi.git", "f6ad55d804ac741b59fe37dd092787113847661c", [ref: "f6ad55d804ac741b59fe37dd092787113847661c"]},
  "couch_event": {:git, "https://git-wip-us.apache.org/repos/asf/couchdb-couch-event.git", "7e382132219d708239306aa3591740694943d367", [ref: "7e382132219d708239306aa3591740694943d367"]},
  "couch_index": {:git, "https://git-wip-us.apache.org/repos/asf/couchdb-couch-index.git", "53555fd909d5dd3d4a610c3fd6795950a8f7d022", [ref: "53555fd909d5dd3d4a610c3fd6795950a8f7d022"]},
  "couch_log": {:git, "https://git-wip-us.apache.org/repos/asf/couchdb-couch-log.git", "ad803f66dbd1900b67543259142875a6d03503ce", [ref: "ad803f66dbd1900b67543259142875a6d03503ce"]},
  "couch_mrview": {:git, "https://git-wip-us.apache.org/repos/asf/couchdb-couch-mrview.git", "a0b0392afe66ece9ef3bb4fdd5a4f159c97c47eb", [ref: "a0b0392afe66ece9ef3bb4fdd5a4f159c97c47eb"]},
  "couch_peruser": {:git, "https://git-wip-us.apache.org/repos/asf/couchdb-peruser.git", "4eea9571171a5b41d832da32204a1122a01f4b0e", [ref: "4eea9571171a5b41d832da32204a1122a01f4b0e"]},
  "couch_plugins": {:git, "https://git-wip-us.apache.org/repos/asf/couchdb-couch-plugins.git", "3e73b723cb126cfc471b560d17c24a8b5c540085", [ref: "3e73b723cb126cfc471b560d17c24a8b5c540085"]},
  "couch_replicator": {:git, "https://git-wip-us.apache.org/repos/asf/couchdb-couch-replicator.git", "b9232c8d410d529d65030896e075c4b4327631b0", [ref: "b9232c8d410d529d65030896e075c4b4327631b0"]},
  "couch_stats": {:git, "https://git-wip-us.apache.org/repos/asf/couchdb-couch-stats.git", "7895d4d3f509ed24f09b6d1a0bd0e06af34551dc", [ref: "7895d4d3f509ed24f09b6d1a0bd0e06af34551dc"]},
  "couch_tests": {:git, "https://git-wip-us.apache.org/repos/asf/couchdb-erlang-tests.git", "37b3bfeb4b1a48a592456e67991362e155ed81e0", [ref: "37b3bfeb4b1a48a592456e67991362e155ed81e0"]},
  "couchdb": {:git, "https://github.com/elcritch/couchdb-embedded.git", "63ab5ebf438010fb3fa4be24f43325ff7c5a2036", [branch: "2.1.x-nocouchjs"]},
  "ddoc_cache": {:git, "https://git-wip-us.apache.org/repos/asf/couchdb-ddoc-cache.git", "c762e90a33ce3cda19ef142dd1120f1087ecd876", [ref: "c762e90a33ce3cda19ef142dd1120f1087ecd876"]},
  "docs": {:git, "https://github.com/apache/couchdb-documentation.git", "8f0c98a7ade8ed50f8b5320410afbbdcc2be1127", [ref: "8f0c98a7ade8ed50f8b5320410afbbdcc2be1127"]},
  "ets_lru": {:git, "https://github.com/apache/couchdb-ets-lru.git", "c05488c8b1d7ec1c3554a828e0c9bf2888932ed6", [ref: "c05488c8b1d7ec1c3554a828e0c9bf2888932ed6"]},
  "fabric": {:git, "https://git-wip-us.apache.org/repos/asf/couchdb-fabric.git", "f84750e3d31accf7bcadb0ba05249c23ce920521", [ref: "f84750e3d31accf7bcadb0ba05249c23ce920521"]},
  "fauxton": {:git, "https://github.com/apache/couchdb-fauxton.git", "97a8b590f5f2fa86b026f78395286bd062498217", [tag: "v1.1.11"]},
  "folsom": {:git, "https://github.com/apache/couchdb-folsom.git", "46f7c2b785b26448d4bdc18c1700f2319badd7d6", [ref: "46f7c2b785b26448d4bdc18c1700f2319badd7d6"]},
  "global_changes": {:git, "https://git-wip-us.apache.org/repos/asf/couchdb-global-changes.git", "f6e4c5629a7d996d284e4489f1897c057823f846", [ref: "f6e4c5629a7d996d284e4489f1897c057823f846"]},
  "ibrowse": {:git, "https://github.com/apache/couchdb-ibrowse.git", "4af2d408607874d124414ac45df1edbe3961d1cd", [ref: "4af2d408607874d124414ac45df1edbe3961d1cd"]},
  "ioq": {:git, "https://github.com/apache/couchdb-ioq.git", "1d2b149ee12dfeaf8d89a67b2f937207f4c5bdf2", [ref: "1d2b149ee12dfeaf8d89a67b2f937207f4c5bdf2"]},
  "jiffy": {:git, "https://github.com/apache/couchdb-jiffy.git", "d3c00e19d8fa20c21758402231247602190988d3", [ref: "d3c00e19d8fa20c21758402231247602190988d3"]},
  "khash": {:git, "https://github.com/apache/couchdb-khash.git", "7c6a9cd9776b5c6f063ccafedfa984b00877b019", [ref: "7c6a9cd9776b5c6f063ccafedfa984b00877b019"]},
  "mango": {:git, "https://git-wip-us.apache.org/repos/asf/couchdb-mango.git", "610ccb60d09bb2a730fa1af318c6ce558538d2ba", [ref: "610ccb60d09bb2a730fa1af318c6ce558538d2ba"]},
  "meck": {:git, "https://github.com/apache/couchdb-meck.git", "dde759050eff19a1a80fd854d7375174b191665d", [tag: "0.8.2"]},
  "mem3": {:git, "https://git-wip-us.apache.org/repos/asf/couchdb-mem3.git", "252467cb4a27637090b5f9006483f5b7ab551699", [ref: "252467cb4a27637090b5f9006483f5b7ab551699"]},
  "mochiweb": {:git, "https://github.com/apache/couchdb-mochiweb.git", "bd6ae7cbb371666a1f68115056f7b30d13765782", [ref: "bd6ae7cbb371666a1f68115056f7b30d13765782"]},
  "oauth": {:git, "https://github.com/apache/couchdb-oauth.git", "099057a98e41f3aff91e77e3cf496d6c6fd901df", [ref: "099057a98e41f3aff91e77e3cf496d6c6fd901df"]},
  "rexi": {:git, "https://git-wip-us.apache.org/repos/asf/couchdb-rexi.git", "a327b7dbeb2b0050f7ca9072047bf8ef2d282833", [ref: "a327b7dbeb2b0050f7ca9072047bf8ef2d282833"]},
  "setup": {:git, "https://github.com/uwiger/setup.git", "a0b5a237b6359795af24257fee41d97bf1602819", []},
  "snappy": {:git, "https://github.com/apache/couchdb-snappy.git", "a728b960611d0795025de7e9668d06b9926c479d", [ref: "a728b960611d0795025de7e9668d06b9926c479d"]}}
