%{"b64url": {:git, "https://github.com/apache/couchdb-b64url.git", "6895652d80f95cdf04efb14625abed868998f174", [ref: "6895652d80f95cdf04efb14625abed868998f174"]},
  "bear": {:git, "https://github.com/apache/couchdb-bear.git", "008f48aff819126e281d5ccae80a258bf9bf9c30", [ref: "008f48aff819126e281d5ccae80a258bf9bf9c30"]},
  "config": {:git, "https://github.com/apache/couchdb-config.git", "f62d553b337ce975edb0fb68772d22bdd3bf6490", [ref: "f62d553b337ce975edb0fb68772d22bdd3bf6490"]},
  "couchdb": {:git, "https://github.com/apache/couchdb.git", "aca0693a5a0767254c5d5146b44fac6fba339f7f", [branch: "2.1.x"]},
  "docs": {:git, "https://github.com/apache/couchdb-documentation.git", "8f0c98a7ade8ed50f8b5320410afbbdcc2be1127", [ref: "8f0c98a7ade8ed50f8b5320410afbbdcc2be1127"]},
  "ets_lru": {:git, "https://github.com/apache/couchdb-ets-lru.git", "c05488c8b1d7ec1c3554a828e0c9bf2888932ed6", [ref: "c05488c8b1d7ec1c3554a828e0c9bf2888932ed6"]},
  "fauxton": {:git, "https://github.com/apache/couchdb-fauxton.git", "0fb3a19e0d1ae6d037ee9018c625dfdfedd21662", [tag: "v1.1.9"]},
  "folsom": {:git, "https://github.com/apache/couchdb-folsom.git", "46f7c2b785b26448d4bdc18c1700f2319badd7d6", [ref: "46f7c2b785b26448d4bdc18c1700f2319badd7d6"]},
  "ibrowse": {:git, "https://github.com/apache/couchdb-ibrowse.git", "4af2d408607874d124414ac45df1edbe3961d1cd", [ref: "4af2d408607874d124414ac45df1edbe3961d1cd"]},
  "ioq": {:git, "https://github.com/apache/couchdb-ioq.git", "1d2b149ee12dfeaf8d89a67b2f937207f4c5bdf2", [ref: "1d2b149ee12dfeaf8d89a67b2f937207f4c5bdf2"]},
  "jiffy": {:git, "https://github.com/apache/couchdb-jiffy.git", "d3c00e19d8fa20c21758402231247602190988d3", [ref: "d3c00e19d8fa20c21758402231247602190988d3"]},
  "khash": {:git, "https://github.com/apache/couchdb-khash.git", "7c6a9cd9776b5c6f063ccafedfa984b00877b019", [ref: "7c6a9cd9776b5c6f063ccafedfa984b00877b019"]},
  "meck": {:git, "https://github.com/apache/couchdb-meck.git", "dde759050eff19a1a80fd854d7375174b191665d", [tag: "0.8.2"]},
  "mochiweb": {:git, "https://github.com/apache/couchdb-mochiweb.git", "bd6ae7cbb371666a1f68115056f7b30d13765782", [ref: "bd6ae7cbb371666a1f68115056f7b30d13765782"]},
  "oauth": {:git, "https://github.com/apache/couchdb-oauth.git", "099057a98e41f3aff91e77e3cf496d6c6fd901df", [ref: "099057a98e41f3aff91e77e3cf496d6c6fd901df"]},
  "setup": {:git, "https://github.com/uwiger/setup.git", "a0b5a237b6359795af24257fee41d97bf1602819", []},
  "snappy": {:git, "https://github.com/apache/couchdb-snappy.git", "a728b960611d0795025de7e9668d06b9926c479d", [ref: "a728b960611d0795025de7e9668d06b9926c479d"]}}
